// !$*UTF8*$!
{
	archiveVersion = 1;
	classes = {
	};
	objectVersion = 50;
	objects = {

/* Begin PBXBuildFile section */
		350BF76B238E0750007CF8D3 /* PopularMoviesViewModel.swift in Sources */ = {isa = PBXBuildFile; fileRef = 350BF76A238E0750007CF8D3 /* PopularMoviesViewModel.swift */; };
		350BF776238EDE90007CF8D3 /* AppConstants.swift in Sources */ = {isa = PBXBuildFile; fileRef = 350BF775238EDE90007CF8D3 /* AppConstants.swift */; };
		350BF778238EE9BF007CF8D3 /* URLRequest.swift in Sources */ = {isa = PBXBuildFile; fileRef = 350BF777238EE9BF007CF8D3 /* URLRequest.swift */; };
		354242EE238AAFBB0041FF0D /* AppDelegate.swift in Sources */ = {isa = PBXBuildFile; fileRef = 354242ED238AAFBB0041FF0D /* AppDelegate.swift */; };
		354242F0238AAFBB0041FF0D /* SceneDelegate.swift in Sources */ = {isa = PBXBuildFile; fileRef = 354242EF238AAFBB0041FF0D /* SceneDelegate.swift */; };
		354242F2238AAFBB0041FF0D /* MovieListViewController.swift in Sources */ = {isa = PBXBuildFile; fileRef = 354242F1238AAFBB0041FF0D /* MovieListViewController.swift */; };
		354242F5238AAFBB0041FF0D /* Main.storyboard in Resources */ = {isa = PBXBuildFile; fileRef = 354242F3238AAFBB0041FF0D /* Main.storyboard */; };
		354242F8238AAFBB0041FF0D /* PayKeyAssignment.xcdatamodeld in Sources */ = {isa = PBXBuildFile; fileRef = 354242F6238AAFBB0041FF0D /* PayKeyAssignment.xcdatamodeld */; };
		354242FA238AAFC20041FF0D /* Assets.xcassets in Resources */ = {isa = PBXBuildFile; fileRef = 354242F9238AAFC20041FF0D /* Assets.xcassets */; };
		354242FD238AAFC20041FF0D /* LaunchScreen.storyboard in Resources */ = {isa = PBXBuildFile; fileRef = 354242FB238AAFC20041FF0D /* LaunchScreen.storyboard */; };
		35424308238AAFC20041FF0D /* PayKeyAssignmentTests.swift in Sources */ = {isa = PBXBuildFile; fileRef = 35424307238AAFC20041FF0D /* PayKeyAssignmentTests.swift */; };
		35424313238AAFC20041FF0D /* PayKeyAssignmentUITests.swift in Sources */ = {isa = PBXBuildFile; fileRef = 35424312238AAFC20041FF0D /* PayKeyAssignmentUITests.swift */; };
		35424325238AB08C0041FF0D /* GetPopularMovieData.swift in Sources */ = {isa = PBXBuildFile; fileRef = 35424324238AB08C0041FF0D /* GetPopularMovieData.swift */; };
		35424327238AB75E0041FF0D /* PopularMovies.swift in Sources */ = {isa = PBXBuildFile; fileRef = 35424326238AB75E0041FF0D /* PopularMovies.swift */; };
		35424329238AB7880041FF0D /* MovieDetails.swift in Sources */ = {isa = PBXBuildFile; fileRef = 35424328238AB7880041FF0D /* MovieDetails.swift */; };
		356A9080238B22FF000CCE5E /* MovieCollectionViewCell.swift in Sources */ = {isa = PBXBuildFile; fileRef = 356A907F238B22FF000CCE5E /* MovieCollectionViewCell.swift */; };
		356A9082238C194F000CCE5E /* MovieDetailsViewController.swift in Sources */ = {isa = PBXBuildFile; fileRef = 356A9081238C194F000CCE5E /* MovieDetailsViewController.swift */; };
		356A9084238C61F9000CCE5E /* SharedExtensions.swift in Sources */ = {isa = PBXBuildFile; fileRef = 356A9083238C61F9000CCE5E /* SharedExtensions.swift */; };
		356A9087238C6921000CCE5E /* GetMovieDetailsData.swift in Sources */ = {isa = PBXBuildFile; fileRef = 356A9086238C6921000CCE5E /* GetMovieDetailsData.swift */; };
		356A9089238D4809000CCE5E /* GetMovieSearchData.swift in Sources */ = {isa = PBXBuildFile; fileRef = 356A9088238D4809000CCE5E /* GetMovieSearchData.swift */; };
		356A908B238D4842000CCE5E /* MovieSearch.swift in Sources */ = {isa = PBXBuildFile; fileRef = 356A908A238D4842000CCE5E /* MovieSearch.swift */; };
		3597095B2390189F006D599B /* PopularMoviesRequest.swift in Sources */ = {isa = PBXBuildFile; fileRef = 3597095A2390189E006D599B /* PopularMoviesRequest.swift */; };
/* End PBXBuildFile section */

/* Begin PBXContainerItemProxy section */
		35424304238AAFC20041FF0D /* PBXContainerItemProxy */ = {
			isa = PBXContainerItemProxy;
			containerPortal = 354242E2238AAFBA0041FF0D /* Project object */;
			proxyType = 1;
			remoteGlobalIDString = 354242E9238AAFBB0041FF0D;
			remoteInfo = PayKeyAssignment;
		};
		3542430F238AAFC20041FF0D /* PBXContainerItemProxy */ = {
			isa = PBXContainerItemProxy;
			containerPortal = 354242E2238AAFBA0041FF0D /* Project object */;
			proxyType = 1;
			remoteGlobalIDString = 354242E9238AAFBB0041FF0D;
			remoteInfo = PayKeyAssignment;
		};
/* End PBXContainerItemProxy section */

/* Begin PBXFileReference section */
		350BF76A238E0750007CF8D3 /* PopularMoviesViewModel.swift */ = {isa = PBXFileReference; lastKnownFileType = sourcecode.swift; path = PopularMoviesViewModel.swift; sourceTree = "<group>"; };
		350BF775238EDE90007CF8D3 /* AppConstants.swift */ = {isa = PBXFileReference; lastKnownFileType = sourcecode.swift; path = AppConstants.swift; sourceTree = "<group>"; };
		350BF777238EE9BF007CF8D3 /* URLRequest.swift */ = {isa = PBXFileReference; lastKnownFileType = sourcecode.swift; path = URLRequest.swift; sourceTree = "<group>"; };
		354242EA238AAFBB0041FF0D /* PayKeyAssignment.app */ = {isa = PBXFileReference; explicitFileType = wrapper.application; includeInIndex = 0; path = PayKeyAssignment.app; sourceTree = BUILT_PRODUCTS_DIR; };
		354242ED238AAFBB0041FF0D /* AppDelegate.swift */ = {isa = PBXFileReference; lastKnownFileType = sourcecode.swift; path = AppDelegate.swift; sourceTree = "<group>"; };
		354242EF238AAFBB0041FF0D /* SceneDelegate.swift */ = {isa = PBXFileReference; lastKnownFileType = sourcecode.swift; path = SceneDelegate.swift; sourceTree = "<group>"; };
		354242F1238AAFBB0041FF0D /* MovieListViewController.swift */ = {isa = PBXFileReference; lastKnownFileType = sourcecode.swift; path = MovieListViewController.swift; sourceTree = "<group>"; };
		354242F4238AAFBB0041FF0D /* Base */ = {isa = PBXFileReference; lastKnownFileType = file.storyboard; name = Base; path = Base.lproj/Main.storyboard; sourceTree = "<group>"; };
		354242F7238AAFBB0041FF0D /* PayKeyAssignment.xcdatamodel */ = {isa = PBXFileReference; lastKnownFileType = wrapper.xcdatamodel; path = PayKeyAssignment.xcdatamodel; sourceTree = "<group>"; };
		354242F9238AAFC20041FF0D /* Assets.xcassets */ = {isa = PBXFileReference; lastKnownFileType = folder.assetcatalog; path = Assets.xcassets; sourceTree = "<group>"; };
		354242FC238AAFC20041FF0D /* Base */ = {isa = PBXFileReference; lastKnownFileType = file.storyboard; name = Base; path = Base.lproj/LaunchScreen.storyboard; sourceTree = "<group>"; };
		354242FE238AAFC20041FF0D /* Info.plist */ = {isa = PBXFileReference; lastKnownFileType = text.plist.xml; path = Info.plist; sourceTree = "<group>"; };
		35424303238AAFC20041FF0D /* PayKeyAssignmentTests.xctest */ = {isa = PBXFileReference; explicitFileType = wrapper.cfbundle; includeInIndex = 0; path = PayKeyAssignmentTests.xctest; sourceTree = BUILT_PRODUCTS_DIR; };
		35424307238AAFC20041FF0D /* PayKeyAssignmentTests.swift */ = {isa = PBXFileReference; lastKnownFileType = sourcecode.swift; path = PayKeyAssignmentTests.swift; sourceTree = "<group>"; };
		35424309238AAFC20041FF0D /* Info.plist */ = {isa = PBXFileReference; lastKnownFileType = text.plist.xml; path = Info.plist; sourceTree = "<group>"; };
		3542430E238AAFC20041FF0D /* PayKeyAssignmentUITests.xctest */ = {isa = PBXFileReference; explicitFileType = wrapper.cfbundle; includeInIndex = 0; path = PayKeyAssignmentUITests.xctest; sourceTree = BUILT_PRODUCTS_DIR; };
		35424312238AAFC20041FF0D /* PayKeyAssignmentUITests.swift */ = {isa = PBXFileReference; lastKnownFileType = sourcecode.swift; path = PayKeyAssignmentUITests.swift; sourceTree = "<group>"; };
		35424314238AAFC20041FF0D /* Info.plist */ = {isa = PBXFileReference; lastKnownFileType = text.plist.xml; path = Info.plist; sourceTree = "<group>"; };
		35424324238AB08C0041FF0D /* GetPopularMovieData.swift */ = {isa = PBXFileReference; lastKnownFileType = sourcecode.swift; path = GetPopularMovieData.swift; sourceTree = "<group>"; };
		35424326238AB75E0041FF0D /* PopularMovies.swift */ = {isa = PBXFileReference; lastKnownFileType = sourcecode.swift; path = PopularMovies.swift; sourceTree = "<group>"; };
		35424328238AB7880041FF0D /* MovieDetails.swift */ = {isa = PBXFileReference; lastKnownFileType = sourcecode.swift; path = MovieDetails.swift; sourceTree = "<group>"; };
		356A907F238B22FF000CCE5E /* MovieCollectionViewCell.swift */ = {isa = PBXFileReference; lastKnownFileType = sourcecode.swift; path = MovieCollectionViewCell.swift; sourceTree = "<group>"; };
		356A9081238C194F000CCE5E /* MovieDetailsViewController.swift */ = {isa = PBXFileReference; lastKnownFileType = sourcecode.swift; path = MovieDetailsViewController.swift; sourceTree = "<group>"; };
		356A9083238C61F9000CCE5E /* SharedExtensions.swift */ = {isa = PBXFileReference; lastKnownFileType = sourcecode.swift; path = SharedExtensions.swift; sourceTree = "<group>"; };
		356A9086238C6921000CCE5E /* GetMovieDetailsData.swift */ = {isa = PBXFileReference; lastKnownFileType = sourcecode.swift; path = GetMovieDetailsData.swift; sourceTree = "<group>"; };
		356A9088238D4809000CCE5E /* GetMovieSearchData.swift */ = {isa = PBXFileReference; lastKnownFileType = sourcecode.swift; path = GetMovieSearchData.swift; sourceTree = "<group>"; };
		356A908A238D4842000CCE5E /* MovieSearch.swift */ = {isa = PBXFileReference; lastKnownFileType = sourcecode.swift; path = MovieSearch.swift; sourceTree = "<group>"; };
		3597095A2390189E006D599B /* PopularMoviesRequest.swift */ = {isa = PBXFileReference; fileEncoding = 4; lastKnownFileType = sourcecode.swift; name = PopularMoviesRequest.swift; path = "../../../PayKeyAssignment copy 3/PayKeyAssignment/Networking/PopularMoviesRequest.swift"; sourceTree = "<group>"; };
/* End PBXFileReference section */

/* Begin PBXFrameworksBuildPhase section */
		354242E7238AAFBB0041FF0D /* Frameworks */ = {
			isa = PBXFrameworksBuildPhase;
			buildActionMask = 2147483647;
			files = (
			);
			runOnlyForDeploymentPostprocessing = 0;
		};
		35424300238AAFC20041FF0D /* Frameworks */ = {
			isa = PBXFrameworksBuildPhase;
			buildActionMask = 2147483647;
			files = (
			);
			runOnlyForDeploymentPostprocessing = 0;
		};
		3542430B238AAFC20041FF0D /* Frameworks */ = {
			isa = PBXFrameworksBuildPhase;
			buildActionMask = 2147483647;
			files = (
			);
			runOnlyForDeploymentPostprocessing = 0;
		};
/* End PBXFrameworksBuildPhase section */

/* Begin PBXGroup section */
		350BF769238E06F9007CF8D3 /* ViewModels */ = {
			isa = PBXGroup;
			children = (
				350BF76A238E0750007CF8D3 /* PopularMoviesViewModel.swift */,
			);
			path = ViewModels;
			sourceTree = "<group>";
		};
		350BF774238EDE69007CF8D3 /* Constants */ = {
			isa = PBXGroup;
			children = (
				350BF775238EDE90007CF8D3 /* AppConstants.swift */,
			);
			path = Constants;
			sourceTree = "<group>";
		};
		354242E1238AAFBA0041FF0D = {
			isa = PBXGroup;
			children = (
				354242EC238AAFBB0041FF0D /* PayKeyAssignment */,
				35424306238AAFC20041FF0D /* PayKeyAssignmentTests */,
				35424311238AAFC20041FF0D /* PayKeyAssignmentUITests */,
				354242EB238AAFBB0041FF0D /* Products */,
			);
			sourceTree = "<group>";
		};
		354242EB238AAFBB0041FF0D /* Products */ = {
			isa = PBXGroup;
			children = (
				354242EA238AAFBB0041FF0D /* PayKeyAssignment.app */,
				35424303238AAFC20041FF0D /* PayKeyAssignmentTests.xctest */,
				3542430E238AAFC20041FF0D /* PayKeyAssignmentUITests.xctest */,
			);
			name = Products;
			sourceTree = "<group>";
		};
		354242EC238AAFBB0041FF0D /* PayKeyAssignment */ = {
			isa = PBXGroup;
			children = (
				354242ED238AAFBB0041FF0D /* AppDelegate.swift */,
				354242EF238AAFBB0041FF0D /* SceneDelegate.swift */,
				354242FB238AAFC20041FF0D /* LaunchScreen.storyboard */,
				35424323238AB0120041FF0D /* Models */,
				35424320238AAFFB0041FF0D /* Views */,
				35424321238AB0030041FF0D /* Controllers */,
				35424322238AB00B0041FF0D /* Networking */,
				356A9085238C6230000CCE5E /* Extensions */,
				350BF769238E06F9007CF8D3 /* ViewModels */,
				350BF774238EDE69007CF8D3 /* Constants */,
				354242F6238AAFBB0041FF0D /* PayKeyAssignment.xcdatamodeld */,
				354242F9238AAFC20041FF0D /* Assets.xcassets */,
				354242FE238AAFC20041FF0D /* Info.plist */,
			);
			path = PayKeyAssignment;
			sourceTree = "<group>";
		};
		35424306238AAFC20041FF0D /* PayKeyAssignmentTests */ = {
			isa = PBXGroup;
			children = (
				35424307238AAFC20041FF0D /* PayKeyAssignmentTests.swift */,
				35424309238AAFC20041FF0D /* Info.plist */,
			);
			path = PayKeyAssignmentTests;
			sourceTree = "<group>";
		};
		35424311238AAFC20041FF0D /* PayKeyAssignmentUITests */ = {
			isa = PBXGroup;
			children = (
				35424312238AAFC20041FF0D /* PayKeyAssignmentUITests.swift */,
				35424314238AAFC20041FF0D /* Info.plist */,
			);
			path = PayKeyAssignmentUITests;
			sourceTree = "<group>";
		};
		35424320238AAFFB0041FF0D /* Views */ = {
			isa = PBXGroup;
			children = (
				354242F3238AAFBB0041FF0D /* Main.storyboard */,
				356A907F238B22FF000CCE5E /* MovieCollectionViewCell.swift */,
			);
			path = Views;
			sourceTree = "<group>";
		};
		35424321238AB0030041FF0D /* Controllers */ = {
			isa = PBXGroup;
			children = (
				354242F1238AAFBB0041FF0D /* MovieListViewController.swift */,
				356A9081238C194F000CCE5E /* MovieDetailsViewController.swift */,
			);
			path = Controllers;
			sourceTree = "<group>";
		};
		35424322238AB00B0041FF0D /* Networking */ = {
			isa = PBXGroup;
			children = (
				35424324238AB08C0041FF0D /* GetPopularMovieData.swift */,
				3597095A2390189E006D599B /* PopularMoviesRequest.swift */,
				356A9088238D4809000CCE5E /* GetMovieSearchData.swift */,
				356A9086238C6921000CCE5E /* GetMovieDetailsData.swift */,
				350BF777238EE9BF007CF8D3 /* URLRequest.swift */,
			);
			path = Networking;
			sourceTree = "<group>";
		};
		35424323238AB0120041FF0D /* Models */ = {
			isa = PBXGroup;
			children = (
				35424326238AB75E0041FF0D /* PopularMovies.swift */,
				356A908A238D4842000CCE5E /* MovieSearch.swift */,
				35424328238AB7880041FF0D /* MovieDetails.swift */,
			);
			path = Models;
			sourceTree = "<group>";
		};
		356A9085238C6230000CCE5E /* Extensions */ = {
			isa = PBXGroup;
			children = (
				356A9083238C61F9000CCE5E /* SharedExtensions.swift */,
			);
			path = Extensions;
			sourceTree = "<group>";
		};
/* End PBXGroup section */

/* Begin PBXNativeTarget section */
		354242E9238AAFBB0041FF0D /* PayKeyAssignment */ = {
			isa = PBXNativeTarget;
			buildConfigurationList = 35424317238AAFC20041FF0D /* Build configuration list for PBXNativeTarget "PayKeyAssignment" */;
			buildPhases = (
				354242E6238AAFBB0041FF0D /* Sources */,
				354242E7238AAFBB0041FF0D /* Frameworks */,
				354242E8238AAFBB0041FF0D /* Resources */,
			);
			buildRules = (
			);
			dependencies = (
			);
			name = PayKeyAssignment;
			productName = PayKeyAssignment;
			productReference = 354242EA238AAFBB0041FF0D /* PayKeyAssignment.app */;
			productType = "com.apple.product-type.application";
		};
		35424302238AAFC20041FF0D /* PayKeyAssignmentTests */ = {
			isa = PBXNativeTarget;
			buildConfigurationList = 3542431A238AAFC20041FF0D /* Build configuration list for PBXNativeTarget "PayKeyAssignmentTests" */;
			buildPhases = (
				354242FF238AAFC20041FF0D /* Sources */,
				35424300238AAFC20041FF0D /* Frameworks */,
				35424301238AAFC20041FF0D /* Resources */,
			);
			buildRules = (
			);
			dependencies = (
				35424305238AAFC20041FF0D /* PBXTargetDependency */,
			);
			name = PayKeyAssignmentTests;
			productName = PayKeyAssignmentTests;
			productReference = 35424303238AAFC20041FF0D /* PayKeyAssignmentTests.xctest */;
			productType = "com.apple.product-type.bundle.unit-test";
		};
		3542430D238AAFC20041FF0D /* PayKeyAssignmentUITests */ = {
			isa = PBXNativeTarget;
			buildConfigurationList = 3542431D238AAFC20041FF0D /* Build configuration list for PBXNativeTarget "PayKeyAssignmentUITests" */;
			buildPhases = (
				3542430A238AAFC20041FF0D /* Sources */,
				3542430B238AAFC20041FF0D /* Frameworks */,
				3542430C238AAFC20041FF0D /* Resources */,
			);
			buildRules = (
			);
			dependencies = (
				35424310238AAFC20041FF0D /* PBXTargetDependency */,
			);
			name = PayKeyAssignmentUITests;
			productName = PayKeyAssignmentUITests;
			productReference = 3542430E238AAFC20041FF0D /* PayKeyAssignmentUITests.xctest */;
			productType = "com.apple.product-type.bundle.ui-testing";
		};
/* End PBXNativeTarget section */

/* Begin PBXProject section */
		354242E2238AAFBA0041FF0D /* Project object */ = {
			isa = PBXProject;
			attributes = {
				LastSwiftUpdateCheck = 1120;
				LastUpgradeCheck = 1120;
				ORGANIZATIONNAME = "Enjeera Interactive";
				TargetAttributes = {
					354242E9238AAFBB0041FF0D = {
						CreatedOnToolsVersion = 11.2;
					};
					35424302238AAFC20041FF0D = {
						CreatedOnToolsVersion = 11.2;
						TestTargetID = 354242E9238AAFBB0041FF0D;
					};
					3542430D238AAFC20041FF0D = {
						CreatedOnToolsVersion = 11.2;
						TestTargetID = 354242E9238AAFBB0041FF0D;
					};
				};
			};
			buildConfigurationList = 354242E5238AAFBA0041FF0D /* Build configuration list for PBXProject "PayKeyAssignment" */;
			compatibilityVersion = "Xcode 9.3";
			developmentRegion = en;
			hasScannedForEncodings = 0;
			knownRegions = (
				en,
				Base,
			);
			mainGroup = 354242E1238AAFBA0041FF0D;
			productRefGroup = 354242EB238AAFBB0041FF0D /* Products */;
			projectDirPath = "";
			projectRoot = "";
			targets = (
				354242E9238AAFBB0041FF0D /* PayKeyAssignment */,
				35424302238AAFC20041FF0D /* PayKeyAssignmentTests */,
				3542430D238AAFC20041FF0D /* PayKeyAssignmentUITests */,
			);
		};
/* End PBXProject section */

/* Begin PBXResourcesBuildPhase section */
		354242E8238AAFBB0041FF0D /* Resources */ = {
			isa = PBXResourcesBuildPhase;
			buildActionMask = 2147483647;
			files = (
				354242FD238AAFC20041FF0D /* LaunchScreen.storyboard in Resources */,
				354242FA238AAFC20041FF0D /* Assets.xcassets in Resources */,
				354242F5238AAFBB0041FF0D /* Main.storyboard in Resources */,
			);
			runOnlyForDeploymentPostprocessing = 0;
		};
		35424301238AAFC20041FF0D /* Resources */ = {
			isa = PBXResourcesBuildPhase;
			buildActionMask = 2147483647;
			files = (
			);
			runOnlyForDeploymentPostprocessing = 0;
		};
		3542430C238AAFC20041FF0D /* Resources */ = {
			isa = PBXResourcesBuildPhase;
			buildActionMask = 2147483647;
			files = (
			);
			runOnlyForDeploymentPostprocessing = 0;
		};
/* End PBXResourcesBuildPhase section */

/* Begin PBXSourcesBuildPhase section */
		354242E6238AAFBB0041FF0D /* Sources */ = {
			isa = PBXSourcesBuildPhase;
			buildActionMask = 2147483647;
			files = (
				354242F2238AAFBB0041FF0D /* MovieListViewController.swift in Sources */,
				35424329238AB7880041FF0D /* MovieDetails.swift in Sources */,
				350BF76B238E0750007CF8D3 /* PopularMoviesViewModel.swift in Sources */,
				356A908B238D4842000CCE5E /* MovieSearch.swift in Sources */,
				356A9084238C61F9000CCE5E /* SharedExtensions.swift in Sources */,
				356A9089238D4809000CCE5E /* GetMovieSearchData.swift in Sources */,
				356A9082238C194F000CCE5E /* MovieDetailsViewController.swift in Sources */,
				356A9087238C6921000CCE5E /* GetMovieDetailsData.swift in Sources */,
				3597095B2390189F006D599B /* PopularMoviesRequest.swift in Sources */,
				354242F8238AAFBB0041FF0D /* PayKeyAssignment.xcdatamodeld in Sources */,
				35424327238AB75E0041FF0D /* PopularMovies.swift in Sources */,
				350BF776238EDE90007CF8D3 /* AppConstants.swift in Sources */,
				350BF778238EE9BF007CF8D3 /* URLRequest.swift in Sources */,
				354242EE238AAFBB0041FF0D /* AppDelegate.swift in Sources */,
				35424325238AB08C0041FF0D /* GetPopularMovieData.swift in Sources */,
				354242F0238AAFBB0041FF0D /* SceneDelegate.swift in Sources */,
				356A9080238B22FF000CCE5E /* MovieCollectionViewCell.swift in Sources */,
			);
			runOnlyForDeploymentPostprocessing = 0;
		};
		354242FF238AAFC20041FF0D /* Sources */ = {
			isa = PBXSourcesBuildPhase;
			buildActionMask = 2147483647;
			files = (
				35424308238AAFC20041FF0D /* PayKeyAssignmentTests.swift in Sources */,
			);
			runOnlyForDeploymentPostprocessing = 0;
		};
		3542430A238AAFC20041FF0D /* Sources */ = {
			isa = PBXSourcesBuildPhase;
			buildActionMask = 2147483647;
			files = (
				35424313238AAFC20041FF0D /* PayKeyAssignmentUITests.swift in Sources */,
			);
			runOnlyForDeploymentPostprocessing = 0;
		};
/* End PBXSourcesBuildPhase section */

/* Begin PBXTargetDependency section */
		35424305238AAFC20041FF0D /* PBXTargetDependency */ = {
			isa = PBXTargetDependency;
			target = 354242E9238AAFBB0041FF0D /* PayKeyAssignment */;
			targetProxy = 35424304238AAFC20041FF0D /* PBXContainerItemProxy */;
		};
		35424310238AAFC20041FF0D /* PBXTargetDependency */ = {
			isa = PBXTargetDependency;
			target = 354242E9238AAFBB0041FF0D /* PayKeyAssignment */;
			targetProxy = 3542430F238AAFC20041FF0D /* PBXContainerItemProxy */;
		};
/* End PBXTargetDependency section */

/* Begin PBXVariantGroup section */
		354242F3238AAFBB0041FF0D /* Main.storyboard */ = {
			isa = PBXVariantGroup;
			children = (
				354242F4238AAFBB0041FF0D /* Base */,
			);
			name = Main.storyboard;
			sourceTree = "<group>";
		};
		354242FB238AAFC20041FF0D /* LaunchScreen.storyboard */ = {
			isa = PBXVariantGroup;
			children = (
				354242FC238AAFC20041FF0D /* Base */,
			);
			name = LaunchScreen.storyboard;
			sourceTree = "<group>";
		};
/* End PBXVariantGroup section */

/* Begin XCBuildConfiguration section */
		35424315238AAFC20041FF0D /* Debug */ = {
			isa = XCBuildConfiguration;
			buildSettings = {
				ALWAYS_SEARCH_USER_PATHS = NO;
				CLANG_ANALYZER_NONNULL = YES;
				CLANG_ANALYZER_NUMBER_OBJECT_CONVERSION = YES_AGGRESSIVE;
				CLANG_CXX_LANGUAGE_STANDARD = "gnu++14";
				CLANG_CXX_LIBRARY = "libc++";
				CLANG_ENABLE_MODULES = YES;
				CLANG_ENABLE_OBJC_ARC = YES;
				CLANG_ENABLE_OBJC_WEAK = YES;
				CLANG_WARN_BLOCK_CAPTURE_AUTORELEASING = YES;
				CLANG_WARN_BOOL_CONVERSION = YES;
				CLANG_WARN_COMMA = YES;
				CLANG_WARN_CONSTANT_CONVERSION = YES;
				CLANG_WARN_DEPRECATED_OBJC_IMPLEMENTATIONS = YES;
				CLANG_WARN_DIRECT_OBJC_ISA_USAGE = YES_ERROR;
				CLANG_WARN_DOCUMENTATION_COMMENTS = YES;
				CLANG_WARN_EMPTY_BODY = YES;
				CLANG_WARN_ENUM_CONVERSION = YES;
				CLANG_WARN_INFINITE_RECURSION = YES;
				CLANG_WARN_INT_CONVERSION = YES;
				CLANG_WARN_NON_LITERAL_NULL_CONVERSION = YES;
				CLANG_WARN_OBJC_IMPLICIT_RETAIN_SELF = YES;
				CLANG_WARN_OBJC_LITERAL_CONVERSION = YES;
				CLANG_WARN_OBJC_ROOT_CLASS = YES_ERROR;
				CLANG_WARN_RANGE_LOOP_ANALYSIS = YES;
				CLANG_WARN_STRICT_PROTOTYPES = YES;
				CLANG_WARN_SUSPICIOUS_MOVE = YES;
				CLANG_WARN_UNGUARDED_AVAILABILITY = YES_AGGRESSIVE;
				CLANG_WARN_UNREACHABLE_CODE = YES;
				CLANG_WARN__DUPLICATE_METHOD_MATCH = YES;
				COPY_PHASE_STRIP = NO;
				DEBUG_INFORMATION_FORMAT = dwarf;
				ENABLE_STRICT_OBJC_MSGSEND = YES;
				ENABLE_TESTABILITY = YES;
				GCC_C_LANGUAGE_STANDARD = gnu11;
				GCC_DYNAMIC_NO_PIC = NO;
				GCC_NO_COMMON_BLOCKS = YES;
				GCC_OPTIMIZATION_LEVEL = 0;
				GCC_PREPROCESSOR_DEFINITIONS = (
					"DEBUG=1",
					"$(inherited)",
				);
				GCC_WARN_64_TO_32_BIT_CONVERSION = YES;
				GCC_WARN_ABOUT_RETURN_TYPE = YES_ERROR;
				GCC_WARN_UNDECLARED_SELECTOR = YES;
				GCC_WARN_UNINITIALIZED_AUTOS = YES_AGGRESSIVE;
				GCC_WARN_UNUSED_FUNCTION = YES;
				GCC_WARN_UNUSED_VARIABLE = YES;
				IPHONEOS_DEPLOYMENT_TARGET = 13.2;
				MTL_ENABLE_DEBUG_INFO = INCLUDE_SOURCE;
				MTL_FAST_MATH = YES;
				ONLY_ACTIVE_ARCH = YES;
				SDKROOT = iphoneos;
				SWIFT_ACTIVE_COMPILATION_CONDITIONS = DEBUG;
				SWIFT_OPTIMIZATION_LEVEL = "-Onone";
			};
			name = Debug;
		};
		35424316238AAFC20041FF0D /* Release */ = {
			isa = XCBuildConfiguration;
			buildSettings = {
				ALWAYS_SEARCH_USER_PATHS = NO;
				CLANG_ANALYZER_NONNULL = YES;
				CLANG_ANALYZER_NUMBER_OBJECT_CONVERSION = YES_AGGRESSIVE;
				CLANG_CXX_LANGUAGE_STANDARD = "gnu++14";
				CLANG_CXX_LIBRARY = "libc++";
				CLANG_ENABLE_MODULES = YES;
				CLANG_ENABLE_OBJC_ARC = YES;
				CLANG_ENABLE_OBJC_WEAK = YES;
				CLANG_WARN_BLOCK_CAPTURE_AUTORELEASING = YES;
				CLANG_WARN_BOOL_CONVERSION = YES;
				CLANG_WARN_COMMA = YES;
				CLANG_WARN_CONSTANT_CONVERSION = YES;
				CLANG_WARN_DEPRECATED_OBJC_IMPLEMENTATIONS = YES;
				CLANG_WARN_DIRECT_OBJC_ISA_USAGE = YES_ERROR;
				CLANG_WARN_DOCUMENTATION_COMMENTS = YES;
				CLANG_WARN_EMPTY_BODY = YES;
				CLANG_WARN_ENUM_CONVERSION = YES;
				CLANG_WARN_INFINITE_RECURSION = YES;
				CLANG_WARN_INT_CONVERSION = YES;
				CLANG_WARN_NON_LITERAL_NULL_CONVERSION = YES;
				CLANG_WARN_OBJC_IMPLICIT_RETAIN_SELF = YES;
				CLANG_WARN_OBJC_LITERAL_CONVERSION = YES;
				CLANG_WARN_OBJC_ROOT_CLASS = YES_ERROR;
				CLANG_WARN_RANGE_LOOP_ANALYSIS = YES;
				CLANG_WARN_STRICT_PROTOTYPES = YES;
				CLANG_WARN_SUSPICIOUS_MOVE = YES;
				CLANG_WARN_UNGUARDED_AVAILABILITY = YES_AGGRESSIVE;
				CLANG_WARN_UNREACHABLE_CODE = YES;
				CLANG_WARN__DUPLICATE_METHOD_MATCH = YES;
				COPY_PHASE_STRIP = NO;
				DEBUG_INFORMATION_FORMAT = "dwarf-with-dsym";
				ENABLE_NS_ASSERTIONS = NO;
				ENABLE_STRICT_OBJC_MSGSEND = YES;
				GCC_C_LANGUAGE_STANDARD = gnu11;
				GCC_NO_COMMON_BLOCKS = YES;
				GCC_WARN_64_TO_32_BIT_CONVERSION = YES;
				GCC_WARN_ABOUT_RETURN_TYPE = YES_ERROR;
				GCC_WARN_UNDECLARED_SELECTOR = YES;
				GCC_WARN_UNINITIALIZED_AUTOS = YES_AGGRESSIVE;
				GCC_WARN_UNUSED_FUNCTION = YES;
				GCC_WARN_UNUSED_VARIABLE = YES;
				IPHONEOS_DEPLOYMENT_TARGET = 13.2;
				MTL_ENABLE_DEBUG_INFO = NO;
				MTL_FAST_MATH = YES;
				SDKROOT = iphoneos;
				SWIFT_COMPILATION_MODE = wholemodule;
				SWIFT_OPTIMIZATION_LEVEL = "-O";
				VALIDATE_PRODUCT = YES;
			};
			name = Release;
		};
		35424318238AAFC20041FF0D /* Debug */ = {
			isa = XCBuildConfiguration;
			buildSettings = {
				ASSETCATALOG_COMPILER_APPICON_NAME = AppIcon;
				CODE_SIGN_STYLE = Automatic;
				DEVELOPMENT_TEAM = 34B6F29UT3;
				INFOPLIST_FILE = PayKeyAssignment/Info.plist;
				IPHONEOS_DEPLOYMENT_TARGET = 13.2;
				LD_RUNPATH_SEARCH_PATHS = (
					"$(inherited)",
					"@executable_path/Frameworks",
				);
				PRODUCT_BUNDLE_IDENTIFIER = Enjeera.PayKeyAssignment;
				PRODUCT_NAME = "$(TARGET_NAME)";
				SWIFT_VERSION = 5.0;
				TARGETED_DEVICE_FAMILY = "1,2";
			};
			name = Debug;
		};
		35424319238AAFC20041FF0D /* Release */ = {
			isa = XCBuildConfiguration;
			buildSettings = {
				ASSETCATALOG_COMPILER_APPICON_NAME = AppIcon;
				CODE_SIGN_STYLE = Automatic;
				DEVELOPMENT_TEAM = 34B6F29UT3;
				INFOPLIST_FILE = PayKeyAssignment/Info.plist;
				IPHONEOS_DEPLOYMENT_TARGET = 13.2;
				LD_RUNPATH_SEARCH_PATHS = (
					"$(inherited)",
					"@executable_path/Frameworks",
				);
				PRODUCT_BUNDLE_IDENTIFIER = Enjeera.PayKeyAssignment;
				PRODUCT_NAME = "$(TARGET_NAME)";
				SWIFT_VERSION = 5.0;
				TARGETED_DEVICE_FAMILY = "1,2";
			};
			name = Release;
		};
		3542431B238AAFC20041FF0D /* Debug */ = {
			isa = XCBuildConfiguration;
			buildSettings = {
				ALWAYS_EMBED_SWIFT_STANDARD_LIBRARIES = YES;
				BUNDLE_LOADER = "$(TEST_HOST)";
				CODE_SIGN_STYLE = Automatic;
				DEVELOPMENT_TEAM = 34B6F29UT3;
				INFOPLIST_FILE = PayKeyAssignmentTests/Info.plist;
				IPHONEOS_DEPLOYMENT_TARGET = 13.2;
				LD_RUNPATH_SEARCH_PATHS = (
					"$(inherited)",
					"@executable_path/Frameworks",
					"@loader_path/Frameworks",
				);
				PRODUCT_BUNDLE_IDENTIFIER = Enjeera.PayKeyAssignmentTests;
				PRODUCT_NAME = "$(TARGET_NAME)";
				SWIFT_VERSION = 5.0;
				TARGETED_DEVICE_FAMILY = "1,2";
				TEST_HOST = "$(BUILT_PRODUCTS_DIR)/PayKeyAssignment.app/PayKeyAssignment";
			};
			name = Debug;
		};
		3542431C238AAFC20041FF0D /* Release */ = {
			isa = XCBuildConfiguration;
			buildSettings = {
				ALWAYS_EMBED_SWIFT_STANDARD_LIBRARIES = YES;
				BUNDLE_LOADER = "$(TEST_HOST)";
				CODE_SIGN_STYLE = Automatic;
				DEVELOPMENT_TEAM = 34B6F29UT3;
				INFOPLIST_FILE = PayKeyAssignmentTests/Info.plist;
				IPHONEOS_DEPLOYMENT_TARGET = 13.2;
				LD_RUNPATH_SEARCH_PATHS = (
					"$(inherited)",
					"@executable_path/Frameworks",
					"@loader_path/Frameworks",
				);
				PRODUCT_BUNDLE_IDENTIFIER = Enjeera.PayKeyAssignmentTests;
				PRODUCT_NAME = "$(TARGET_NAME)";
				SWIFT_VERSION = 5.0;
				TARGETED_DEVICE_FAMILY = "1,2";
				TEST_HOST = "$(BUILT_PRODUCTS_DIR)/PayKeyAssignment.app/PayKeyAssignment";
			};
			name = Release;
		};
		3542431E238AAFC20041FF0D /* Debug */ = {
			isa = XCBuildConfiguration;
			buildSettings = {
				ALWAYS_EMBED_SWIFT_STANDARD_LIBRARIES = YES;
				CODE_SIGN_STYLE = Automatic;
				DEVELOPMENT_TEAM = 34B6F29UT3;
				INFOPLIST_FILE = PayKeyAssignmentUITests/Info.plist;
				LD_RUNPATH_SEARCH_PATHS = (
					"$(inherited)",
					"@executable_path/Frameworks",
					"@loader_path/Frameworks",
				);
				PRODUCT_BUNDLE_IDENTIFIER = Enjeera.PayKeyAssignmentUITests;
				PRODUCT_NAME = "$(TARGET_NAME)";
				SWIFT_VERSION = 5.0;
				TARGETED_DEVICE_FAMILY = "1,2";
				TEST_TARGET_NAME = PayKeyAssignment;
			};
			name = Debug;
		};
		3542431F238AAFC20041FF0D /* Release */ = {
			isa = XCBuildConfiguration;
			buildSettings = {
				ALWAYS_EMBED_SWIFT_STANDARD_LIBRARIES = YES;
				CODE_SIGN_STYLE = Automatic;
				DEVELOPMENT_TEAM = 34B6F29UT3;
				INFOPLIST_FILE = PayKeyAssignmentUITests/Info.plist;
				LD_RUNPATH_SEARCH_PATHS = (
					"$(inherited)",
					"@executable_path/Frameworks",
					"@loader_path/Frameworks",
				);
				PRODUCT_BUNDLE_IDENTIFIER = Enjeera.PayKeyAssignmentUITests;
				PRODUCT_NAME = "$(TARGET_NAME)";
				SWIFT_VERSION = 5.0;
				TARGETED_DEVICE_FAMILY = "1,2";
				TEST_TARGET_NAME = PayKeyAssignment;
			};
			name = Release;
		};
/* End XCBuildConfiguration section */

/* Begin XCConfigurationList section */
		354242E5238AAFBA0041FF0D /* Build configuration list for PBXProject "PayKeyAssignment" */ = {
			isa = XCConfigurationList;
			buildConfigurations = (
				35424315238AAFC20041FF0D /* Debug */,
				35424316238AAFC20041FF0D /* Release */,
			);
			defaultConfigurationIsVisible = 0;
			defaultConfigurationName = Release;
		};
		35424317238AAFC20041FF0D /* Build configuration list for PBXNativeTarget "PayKeyAssignment" */ = {
			isa = XCConfigurationList;
			buildConfigurations = (
				35424318238AAFC20041FF0D /* Debug */,
				35424319238AAFC20041FF0D /* Release */,
			);
			defaultConfigurationIsVisible = 0;
			defaultConfigurationName = Release;
		};
		3542431A238AAFC20041FF0D /* Build configuration list for PBXNativeTarget "PayKeyAssignmentTests" */ = {
			isa = XCConfigurationList;
			buildConfigurations = (
				3542431B238AAFC20041FF0D /* Debug */,
				3542431C238AAFC20041FF0D /* Release */,
			);
			defaultConfigurationIsVisible = 0;
			defaultConfigurationName = Release;
		};
		3542431D238AAFC20041FF0D /* Build configuration list for PBXNativeTarget "PayKeyAssignmentUITests" */ = {
			isa = XCConfigurationList;
			buildConfigurations = (
				3542431E238AAFC20041FF0D /* Debug */,
				3542431F238AAFC20041FF0D /* Release */,
			);
			defaultConfigurationIsVisible = 0;
			defaultConfigurationName = Release;
		};
/* End XCConfigurationList section */

/* Begin XCVersionGroup section */
		354242F6238AAFBB0041FF0D /* PayKeyAssignment.xcdatamodeld */ = {
			isa = XCVersionGroup;
			children = (
				354242F7238AAFBB0041FF0D /* PayKeyAssignment.xcdatamodel */,
			);
			currentVersion = 354242F7238AAFBB0041FF0D /* PayKeyAssignment.xcdatamodel */;
			path = PayKeyAssignment.xcdatamodeld;
			sourceTree = "<group>";
			versionGroupType = wrapper.xcdatamodel;
		};
/* End XCVersionGroup section */
	};
	rootObject = 354242E2238AAFBA0041FF0D /* Project object */;
}
